
Microsoft Visual Studio Solution File, Format Version 12.00
# Visual Studio Version 16
VisualStudioVersion = 16.0.31112.23
MinimumVisualStudioVersion = 10.0.40219.1
Project("{9A19103F-16F7-4668-BE54-9A1E7A4F7556}") = "BlazorApplication1", "BlazorApplication1.csproj", "{AED4CEDE-1B57-4923-AAA1-974F27CC0220}"
EndProject
Global
	GlobalSection(SolutionConfigurationPlatforms) = preSolution
		Debug|Any CPU = Debug|Any CPU
		Release|Any CPU = Release|Any CPU
	EndGlobalSection
	GlobalSection(ProjectConfigurationPlatforms) = postSolution
		{AED4CEDE-1B57-4923-AAA1-974F27CC0220}.Debug|Any CPU.ActiveCfg = Debug|Any CPU
		{AED4CEDE-1B57-4923-AAA1-974F27CC0220}.Debug|Any CPU.Build.0 = Debug|Any CPU
		{AED4CEDE-1B57-4923-AAA1-974F27CC0220}.Release|Any CPU.ActiveCfg = Release|Any CPU
		{AED4CEDE-1B57-4923-AAA1-974F27CC0220}.Release|Any CPU.Build.0 = Release|Any CPU
	EndGlobalSection
	GlobalSection(SolutionProperties) = preSolution
		HideSolutionNode = FALSE
	EndGlobalSection
	GlobalSection(ExtensibilityGlobals) = postSolution
		SolutionGuid = {0B6C0A03-BB66-4599-91A0-E0FCBEF0CA13}
	EndGlobalSection
EndGlobal
